github.com/chzyer/readline v0.0.0-20180603132655-2972be24d48e h1:fY5BOSpyZCqRo5OhCuC+XN+r/bBCmeuuJtjz+bCNIf8=
github.com/chzyer/readline v0.0.0-20180603132655-2972be24d48e/go.mod h1:nSuG5e5PlCu98SY8svDHJxuZscDgtXS6KTTbou5AhLI=
golang.org/x/sys v0.0.0-20210917161153-d61c044b1678 h1:J27LZFQBFoihqXoegpscI10HpjZ7B5WQLLKL2FZXQKw=
golang.org/x/sys v0.0.0-20210917161153-d61c044b1678/go.mod h1:oPkhp1MJrh7nUepCBck5+mAzfO9JrbApNNgaTdGDITg=
